
Microsoft Visual Studio Solution File, Format Version 12.00
# Visual Studio Version 17
VisualStudioVersion = 17.14.35906.104
MinimumVisualStudioVersion = 10.0.40219.1
Project("{FAE04EC0-301F-11D3-BF4B-00C04F79EFBC}") = "SignalRClass", "SignalRClass\SignalRClass.csproj", "{0CE2D375-770E-4BB6-9C8E-0668DF5C33D0}"
EndProject
Project("{FAE04EC0-301F-11D3-BF4B-00C04F79EFBC}") = "DefaultIdentitySR", "DefaultIdentitySR\DefaultIdentitySR.csproj", "{4347487F-FD4A-4D19-97F8-1B92643686F2}"
EndProject
Global
	GlobalSection(SolutionConfigurationPlatforms) = preSolution
		Debug|Any CPU = Debug|Any CPU
		Release|Any CPU = Release|Any CPU
	EndGlobalSection
	GlobalSection(ProjectConfigurationPlatforms) = postSolution
		{0CE2D375-770E-4BB6-9C8E-0668DF5C33D0}.Debug|Any CPU.ActiveCfg = Debug|Any CPU
		{0CE2D375-770E-4BB6-9C8E-0668DF5C33D0}.Debug|Any CPU.Build.0 = Debug|Any CPU
		{0CE2D375-770E-4BB6-9C8E-0668DF5C33D0}.Release|Any CPU.ActiveCfg = Release|Any CPU
		{0CE2D375-770E-4BB6-9C8E-0668DF5C33D0}.Release|Any CPU.Build.0 = Release|Any CPU
		{4347487F-FD4A-4D19-97F8-1B92643686F2}.Debug|Any CPU.ActiveCfg = Debug|Any CPU
		{4347487F-FD4A-4D19-97F8-1B92643686F2}.Debug|Any CPU.Build.0 = Debug|Any CPU
		{4347487F-FD4A-4D19-97F8-1B92643686F2}.Release|Any CPU.ActiveCfg = Release|Any CPU
		{4347487F-FD4A-4D19-97F8-1B92643686F2}.Release|Any CPU.Build.0 = Release|Any CPU
	EndGlobalSection
	GlobalSection(SolutionProperties) = preSolution
		HideSolutionNode = FALSE
	EndGlobalSection
	GlobalSection(ExtensibilityGlobals) = postSolution
		SolutionGuid = {D370B76E-C9DE-4460-867E-A7FD98056044}
	EndGlobalSection
EndGlobal
